{
    "version": 3,
    "terraform_version": "0.11.7",
    "serial": 8,
    "lineage": "c82ec341-c0d9-b16c-ead3-426d7c1f5e32",
    "modules": [
        {
            "path": [
                "root"
            ],
            "outputs": {},
            "resources": {},
            "depends_on": []
        },
        {
            "path": [
                "root",
                "route"
            ],
            "outputs": {
                "Private_routeTB_id": {
                    "sensitive": false,
                    "type": "string",
                    "value": "rtb-0526d48c1c2be109d"
                },
                "Public_routeTB_id": {
                    "sensitive": false,
                    "type": "string",
                    "value": "rtb-058efd66fb83b34d4"
                }
            },
            "resources": {
                "aws_route_table.Private": {
                    "type": "aws_route_table",
                    "depends_on": [],
                    "primary": {
                        "id": "rtb-0526d48c1c2be109d",
                        "attributes": {
                            "id": "rtb-0526d48c1c2be109d",
                            "propagating_vgws.#": "0",
                            "route.#": "0",
                            "tags.%": "2",
                            "tags.Environment": "Test",
                            "tags.Name": "Private_route_table",
                            "vpc_id": "vpc-040c796580ef5060b"
                        },
                        "meta": {},
                        "tainted": false
                    },
                    "deposed": [],
                    "provider": "provider.aws"
                },
                "aws_route_table.Public": {
                    "type": "aws_route_table",
                    "depends_on": [],
                    "primary": {
                        "id": "rtb-058efd66fb83b34d4",
                        "attributes": {
                            "id": "rtb-058efd66fb83b34d4",
                            "propagating_vgws.#": "0",
                            "route.#": "1",
                            "route.698218775.cidr_block": "0.0.0.0/0",
                            "route.698218775.egress_only_gateway_id": "",
                            "route.698218775.gateway_id": "igw-0d4320164f98cca28",
                            "route.698218775.instance_id": "",
                            "route.698218775.ipv6_cidr_block": "",
                            "route.698218775.nat_gateway_id": "",
                            "route.698218775.network_interface_id": "",
                            "route.698218775.vpc_peering_connection_id": "",
                            "tags.%": "2",
                            "tags.Environment": "Test",
                            "tags.Name": "Public_route_table",
                            "vpc_id": "vpc-040c796580ef5060b"
                        },
                        "meta": {},
                        "tainted": false
                    },
                    "deposed": [],
                    "provider": "provider.aws"
                }
            },
            "depends_on": []
        },
        {
            "path": [
                "root",
                "subnet"
            ],
            "outputs": {
                "private_subnet_1_id": {
                    "sensitive": false,
                    "type": "string",
                    "value": "subnet-0d14ca35b76ce71ff"
                },
                "private_subnet_2_id": {
                    "sensitive": false,
                    "type": "string",
                    "value": "subnet-0186ed30ca2ba5021"
                },
                "private_subnet_3_id": {
                    "sensitive": false,
                    "type": "string",
                    "value": "subnet-03412347bdf40ba11"
                },
                "public_subnet_1_id": {
                    "sensitive": false,
                    "type": "string",
                    "value": "subnet-0be487122d2565628"
                },
                "public_subnet_2_id": {
                    "sensitive": false,
                    "type": "string",
                    "value": "subnet-0ffca974b2cce9c28"
                },
                "public_subnet_3_id": {
                    "sensitive": false,
                    "type": "string",
                    "value": "subnet-0f23cdbd5d3a9b226"
                }
            },
            "resources": {
                "aws_subnet.private_subnet_1": {
                    "type": "aws_subnet",
                    "depends_on": [],
                    "primary": {
                        "id": "subnet-0d14ca35b76ce71ff",
                        "attributes": {
                            "assign_ipv6_address_on_creation": "false",
                            "availability_zone": "ap-southeast-2a",
                            "cidr_block": "10.0.21.0/24",
                            "id": "subnet-0d14ca35b76ce71ff",
                            "map_public_ip_on_launch": "false",
                            "tags.%": "2",
                            "tags.Environment": "Test",
                            "tags.Name": "private_subnet_1",
                            "vpc_id": "vpc-040c796580ef5060b"
                        },
                        "meta": {
                            "schema_version": "1"
                        },
                        "tainted": false
                    },
                    "deposed": [],
                    "provider": "provider.aws"
                },
                "aws_subnet.private_subnet_2": {
                    "type": "aws_subnet",
                    "depends_on": [],
                    "primary": {
                        "id": "subnet-0186ed30ca2ba5021",
                        "attributes": {
                            "assign_ipv6_address_on_creation": "false",
                            "availability_zone": "ap-southeast-2b",
                            "cidr_block": "10.0.22.0/24",
                            "id": "subnet-0186ed30ca2ba5021",
                            "map_public_ip_on_launch": "false",
                            "tags.%": "2",
                            "tags.Environment": "Test",
                            "tags.Name": "private_subnet_2",
                            "vpc_id": "vpc-040c796580ef5060b"
                        },
                        "meta": {
                            "schema_version": "1"
                        },
                        "tainted": false
                    },
                    "deposed": [],
                    "provider": "provider.aws"
                },
                "aws_subnet.private_subnet_3": {
                    "type": "aws_subnet",
                    "depends_on": [],
                    "primary": {
                        "id": "subnet-03412347bdf40ba11",
                        "attributes": {
                            "assign_ipv6_address_on_creation": "false",
                            "availability_zone": "ap-southeast-2c",
                            "cidr_block": "10.0.23.0/24",
                            "id": "subnet-03412347bdf40ba11",
                            "map_public_ip_on_launch": "false",
                            "tags.%": "2",
                            "tags.Environment": "Test",
                            "tags.Name": "private_subnet_3",
                            "vpc_id": "vpc-040c796580ef5060b"
                        },
                        "meta": {
                            "schema_version": "1"
                        },
                        "tainted": false
                    },
                    "deposed": [],
                    "provider": "provider.aws"
                },
                "aws_subnet.public_subnet_1": {
                    "type": "aws_subnet",
                    "depends_on": [],
                    "primary": {
                        "id": "subnet-0be487122d2565628",
                        "attributes": {
                            "assign_ipv6_address_on_creation": "false",
                            "availability_zone": "ap-southeast-2a",
                            "cidr_block": "10.0.11.0/24",
                            "id": "subnet-0be487122d2565628",
                            "map_public_ip_on_launch": "false",
                            "tags.%": "2",
                            "tags.Environment": "Test",
                            "tags.Name": "public_subnet_1",
                            "vpc_id": "vpc-040c796580ef5060b"
                        },
                        "meta": {
                            "schema_version": "1"
                        },
                        "tainted": false
                    },
                    "deposed": [],
                    "provider": "provider.aws"
                },
                "aws_subnet.public_subnet_2": {
                    "type": "aws_subnet",
                    "depends_on": [],
                    "primary": {
                        "id": "subnet-0ffca974b2cce9c28",
                        "attributes": {
                            "assign_ipv6_address_on_creation": "false",
                            "availability_zone": "ap-southeast-2b",
                            "cidr_block": "10.0.12.0/24",
                            "id": "subnet-0ffca974b2cce9c28",
                            "map_public_ip_on_launch": "false",
                            "tags.%": "2",
                            "tags.Environment": "Test",
                            "tags.Name": "public_subnet_2",
                            "vpc_id": "vpc-040c796580ef5060b"
                        },
                        "meta": {
                            "schema_version": "1"
                        },
                        "tainted": false
                    },
                    "deposed": [],
                    "provider": "provider.aws"
                },
                "aws_subnet.public_subnet_3": {
                    "type": "aws_subnet",
                    "depends_on": [],
                    "primary": {
                        "id": "subnet-0f23cdbd5d3a9b226",
                        "attributes": {
                            "assign_ipv6_address_on_creation": "false",
                            "availability_zone": "ap-southeast-2c",
                            "cidr_block": "10.0.13.0/24",
                            "id": "subnet-0f23cdbd5d3a9b226",
                            "map_public_ip_on_launch": "false",
                            "tags.%": "2",
                            "tags.Environment": "Test",
                            "tags.Name": "public_subnet_3",
                            "vpc_id": "vpc-040c796580ef5060b"
                        },
                        "meta": {
                            "schema_version": "1"
                        },
                        "tainted": false
                    },
                    "deposed": [],
                    "provider": "provider.aws"
                }
            },
            "depends_on": []
        },
        {
            "path": [
                "root",
                "vpc"
            ],
            "outputs": {
                "igwid": {
                    "sensitive": false,
                    "type": "string",
                    "value": "igw-0d4320164f98cca28"
                },
                "vpcid": {
                    "sensitive": false,
                    "type": "string",
                    "value": "vpc-040c796580ef5060b"
                }
            },
            "resources": {
                "aws_internet_gateway.testvpcigw": {
                    "type": "aws_internet_gateway",
                    "depends_on": [
                        "aws_vpc.testvpc"
                    ],
                    "primary": {
                        "id": "igw-0d4320164f98cca28",
                        "attributes": {
                            "id": "igw-0d4320164f98cca28",
                            "tags.%": "1",
                            "tags.Name": "testvpc_igw",
                            "vpc_id": "vpc-040c796580ef5060b"
                        },
                        "meta": {},
                        "tainted": false
                    },
                    "deposed": [],
                    "provider": "provider.aws"
                },
                "aws_vpc.testvpc": {
                    "type": "aws_vpc",
                    "depends_on": [],
                    "primary": {
                        "id": "vpc-040c796580ef5060b",
                        "attributes": {
                            "assign_generated_ipv6_cidr_block": "false",
                            "cidr_block": "10.0.0.0/16",
                            "default_network_acl_id": "acl-0e8c7eb882bae9ae0",
                            "default_route_table_id": "rtb-09cf6bee7f3dc83f3",
                            "default_security_group_id": "sg-02eb71328d7a4231f",
                            "dhcp_options_id": "dopt-531fb634",
                            "enable_classiclink": "false",
                            "enable_classiclink_dns_support": "false",
                            "enable_dns_hostnames": "true",
                            "enable_dns_support": "true",
                            "id": "vpc-040c796580ef5060b",
                            "instance_tenancy": "default",
                            "main_route_table_id": "rtb-09cf6bee7f3dc83f3",
                            "tags.%": "1",
                            "tags.Name": "testvpc"
                        },
                        "meta": {
                            "schema_version": "1"
                        },
                        "tainted": false
                    },
                    "deposed": [],
                    "provider": "provider.aws"
                }
            },
            "depends_on": []
        }
    ]
}
